
Microsoft Visual Studio Solution File, Format Version 12.00
# Visual Studio Version 17
VisualStudioVersion = 17.14.36518.9 d17.14
MinimumVisualStudioVersion = 10.0.40219.1
Project("{FAE04EC0-301F-11D3-BF4B-00C04F79EFBC}") = "ConsoleApp1", "ConsoleApp1.csproj", "{913441F7-2C28-4643-B700-2622A6793708}"
EndProject
Project("{FAE04EC0-301F-11D3-BF4B-00C04F79EFBC}") = "MyLibrary", "..\MyLibrary\MyLibrary.csproj", "{C1E5B5A1-C73E-4439-BF4E-E2DCEA063AA5}"
EndProject
Global
	GlobalSection(SolutionConfigurationPlatforms) = preSolution
		Debug|Any CPU = Debug|Any CPU
		Release|Any CPU = Release|Any CPU
	EndGlobalSection
	GlobalSection(ProjectConfigurationPlatforms) = postSolution
		{913441F7-2C28-4643-B700-2622A6793708}.Debug|Any CPU.ActiveCfg = Debug|Any CPU
		{913441F7-2C28-4643-B700-2622A6793708}.Debug|Any CPU.Build.0 = Debug|Any CPU
		{913441F7-2C28-4643-B700-2622A6793708}.Release|Any CPU.ActiveCfg = Release|Any CPU
		{913441F7-2C28-4643-B700-2622A6793708}.Release|Any CPU.Build.0 = Release|Any CPU
		{C1E5B5A1-C73E-4439-BF4E-E2DCEA063AA5}.Debug|Any CPU.ActiveCfg = Debug|Any CPU
		{C1E5B5A1-C73E-4439-BF4E-E2DCEA063AA5}.Debug|Any CPU.Build.0 = Debug|Any CPU
		{C1E5B5A1-C73E-4439-BF4E-E2DCEA063AA5}.Release|Any CPU.ActiveCfg = Release|Any CPU
		{C1E5B5A1-C73E-4439-BF4E-E2DCEA063AA5}.Release|Any CPU.Build.0 = Release|Any CPU
	EndGlobalSection
	GlobalSection(SolutionProperties) = preSolution
		HideSolutionNode = FALSE
	EndGlobalSection
	GlobalSection(ExtensibilityGlobals) = postSolution
		SolutionGuid = {9A6A5EE7-EB7B-4ED9-B3F9-8633A8790B51}
	EndGlobalSection
EndGlobal
