
Microsoft Visual Studio Solution File, Format Version 12.00
# Visual Studio Version 17
VisualStudioVersion = 17.14.36518.9 d17.14
MinimumVisualStudioVersion = 10.0.40219.1
Project("{FAE04EC0-301F-11D3-BF4B-00C04F79EFBC}") = "LogisticsApp", "LogisticsApp\LogisticsApp.csproj", "{8667A2EA-B546-45C3-B398-6AE8990BDC19}"
EndProject
Global
	GlobalSection(SolutionConfigurationPlatforms) = preSolution
		Debug|Any CPU = Debug|Any CPU
		Release|Any CPU = Release|Any CPU
	EndGlobalSection
	GlobalSection(ProjectConfigurationPlatforms) = postSolution
		{8667A2EA-B546-45C3-B398-6AE8990BDC19}.Debug|Any CPU.ActiveCfg = Debug|Any CPU
		{8667A2EA-B546-45C3-B398-6AE8990BDC19}.Debug|Any CPU.Build.0 = Debug|Any CPU
		{8667A2EA-B546-45C3-B398-6AE8990BDC19}.Release|Any CPU.ActiveCfg = Release|Any CPU
		{8667A2EA-B546-45C3-B398-6AE8990BDC19}.Release|Any CPU.Build.0 = Release|Any CPU
	EndGlobalSection
	GlobalSection(SolutionProperties) = preSolution
		HideSolutionNode = FALSE
	EndGlobalSection
	GlobalSection(ExtensibilityGlobals) = postSolution
		SolutionGuid = {41D3829E-7468-439C-BCAD-4FE7252E057F}
	EndGlobalSection
EndGlobal
